
Microsoft Visual Studio Solution File, Format Version 12.00
# Visual Studio Version 16
VisualStudioVersion = 16.0.29102.190
MinimumVisualStudioVersion = 10.0.40219.1
Project("{FAE04EC0-301F-11D3-BF4B-00C04F79EFBC}") = "lib_classesLinker", "lib_classesLinker\lib_classesLinker.csproj", "{43D86AF3-EC14-4FD4-B6E5-17610640C19F}"
EndProject
Global
	GlobalSection(SolutionConfigurationPlatforms) = preSolution
		Debug|Any CPU = Debug|Any CPU
		Release|Any CPU = Release|Any CPU
	EndGlobalSection
	GlobalSection(ProjectConfigurationPlatforms) = postSolution
		{43D86AF3-EC14-4FD4-B6E5-17610640C19F}.Debug|Any CPU.ActiveCfg = Debug|Any CPU
		{43D86AF3-EC14-4FD4-B6E5-17610640C19F}.Debug|Any CPU.Build.0 = Debug|Any CPU
		{43D86AF3-EC14-4FD4-B6E5-17610640C19F}.Release|Any CPU.ActiveCfg = Release|Any CPU
		{43D86AF3-EC14-4FD4-B6E5-17610640C19F}.Release|Any CPU.Build.0 = Release|Any CPU
	EndGlobalSection
	GlobalSection(SolutionProperties) = preSolution
		HideSolutionNode = FALSE
	EndGlobalSection
	GlobalSection(ExtensibilityGlobals) = postSolution
		SolutionGuid = {98D80EAB-76F1-4F8F-B2D4-C8CB15CF49F5}
	EndGlobalSection
EndGlobal
